
Microsoft Visual Studio Solution File, Format Version 12.00
# Visual Studio Version 17
VisualStudioVersion = 17.8.34330.188
MinimumVisualStudioVersion = 10.0.40219.1
Project("{FAE04EC0-301F-11D3-BF4B-00C04F79EFBC}") = "Practice_API", "Practice_API\Practice_API.csproj", "{B802B0A7-EAD0-4E6A-B559-50DBDD84B1DA}"
EndProject
Project("{FAE04EC0-301F-11D3-BF4B-00C04F79EFBC}") = "Practice_Model", "Practice_Model\Practice_Model.csproj", "{98B55378-4B29-4A9D-94E3-A6CB6B769DBD}"
EndProject
Project("{FAE04EC0-301F-11D3-BF4B-00C04F79EFBC}") = "Practice_DataAccess", "Practice_DataAccess\Practice_DataAccess.csproj", "{A45855FF-F0BE-4723-8EB5-5F170349F642}"
EndProject
Project("{FAE04EC0-301F-11D3-BF4B-00C04F79EFBC}") = "Primary2020", "Primary2020\Primary2020.csproj", "{CE4926C0-EF32-49A4-B8C6-760DA9428764}"
EndProject
Project("{FAE04EC0-301F-11D3-BF4B-00C04F79EFBC}") = "Practice_Repository", "Practice_Repository\Practice_Repository.csproj", "{6AA19110-5983-44BB-B21D-2AE5A21D83C3}"
EndProject
Global
	GlobalSection(SolutionConfigurationPlatforms) = preSolution
		Debug|Any CPU = Debug|Any CPU
		Release|Any CPU = Release|Any CPU
	EndGlobalSection
	GlobalSection(ProjectConfigurationPlatforms) = postSolution
		{B802B0A7-EAD0-4E6A-B559-50DBDD84B1DA}.Debug|Any CPU.ActiveCfg = Debug|Any CPU
		{B802B0A7-EAD0-4E6A-B559-50DBDD84B1DA}.Debug|Any CPU.Build.0 = Debug|Any CPU
		{B802B0A7-EAD0-4E6A-B559-50DBDD84B1DA}.Release|Any CPU.ActiveCfg = Release|Any CPU
		{B802B0A7-EAD0-4E6A-B559-50DBDD84B1DA}.Release|Any CPU.Build.0 = Release|Any CPU
		{98B55378-4B29-4A9D-94E3-A6CB6B769DBD}.Debug|Any CPU.ActiveCfg = Debug|Any CPU
		{98B55378-4B29-4A9D-94E3-A6CB6B769DBD}.Debug|Any CPU.Build.0 = Debug|Any CPU
		{98B55378-4B29-4A9D-94E3-A6CB6B769DBD}.Release|Any CPU.ActiveCfg = Release|Any CPU
		{98B55378-4B29-4A9D-94E3-A6CB6B769DBD}.Release|Any CPU.Build.0 = Release|Any CPU
		{A45855FF-F0BE-4723-8EB5-5F170349F642}.Debug|Any CPU.ActiveCfg = Debug|Any CPU
		{A45855FF-F0BE-4723-8EB5-5F170349F642}.Debug|Any CPU.Build.0 = Debug|Any CPU
		{A45855FF-F0BE-4723-8EB5-5F170349F642}.Release|Any CPU.ActiveCfg = Release|Any CPU
		{A45855FF-F0BE-4723-8EB5-5F170349F642}.Release|Any CPU.Build.0 = Release|Any CPU
		{CE4926C0-EF32-49A4-B8C6-760DA9428764}.Debug|Any CPU.ActiveCfg = Debug|Any CPU
		{CE4926C0-EF32-49A4-B8C6-760DA9428764}.Debug|Any CPU.Build.0 = Debug|Any CPU
		{CE4926C0-EF32-49A4-B8C6-760DA9428764}.Release|Any CPU.ActiveCfg = Release|Any CPU
		{CE4926C0-EF32-49A4-B8C6-760DA9428764}.Release|Any CPU.Build.0 = Release|Any CPU
		{6AA19110-5983-44BB-B21D-2AE5A21D83C3}.Debug|Any CPU.ActiveCfg = Debug|Any CPU
		{6AA19110-5983-44BB-B21D-2AE5A21D83C3}.Debug|Any CPU.Build.0 = Debug|Any CPU
		{6AA19110-5983-44BB-B21D-2AE5A21D83C3}.Release|Any CPU.ActiveCfg = Release|Any CPU
		{6AA19110-5983-44BB-B21D-2AE5A21D83C3}.Release|Any CPU.Build.0 = Release|Any CPU
	EndGlobalSection
	GlobalSection(SolutionProperties) = preSolution
		HideSolutionNode = FALSE
	EndGlobalSection
	GlobalSection(ExtensibilityGlobals) = postSolution
		SolutionGuid = {81CC0DA9-4735-4579-97B8-D5D3E881DA4F}
	EndGlobalSection
EndGlobal
